        "@tauri-apps/plugin-dialog": "^2.6.0",
        "@tauri-apps/plugin-fs": "^2.6.0",
        "@tauri-apps/plugin-log": "^2.6.0",
        "@tauri-apps/plugin-notification": "^2.6.0",
        "@tauri-apps/plugin-opener": "^2.6.0",
        "@tauri-apps/plugin-os": "^2.6.0",
        "@tauri-apps/plugin-process": "^2.6.0",
        "@tauri-apps/plugin-shell": "^2.6.0",
      "resolved": "https://registry.npmjs.org/@tauri-apps/plugin-dialog/-/plugin-dialog-2.6.0.tgz",
      "resolved": "https://registry.npmjs.org/@tauri-apps/plugin-fs/-/plugin-fs-2.6.0.tgz",
      "resolved": "https://registry.npmjs.org/@tauri-apps/plugin-log/-/plugin-log-2.6.0.tgz",
      "resolved": "https://registry.npmjs.org/@tauri-apps/plugin-notification/-/plugin-notification-2.6.0.tgz",
      "resolved": "https://registry.npmjs.org/@tauri-apps/plugin-opener/-/plugin-opener-2.6.0.tgz",
      "resolved": "https://registry.npmjs.org/@tauri-apps/plugin-os/-/plugin-os-2.6.0.tgz",
      "resolved": "https://registry.npmjs.org/@tauri-apps/plugin-process/-/plugin-process-2.6.0.tgz",
      "resolved": "https://registry.npmjs.org/@tauri-apps/plugin-shell/-/plugin-shell-2.6.0.tgz",
